
Microsoft Visual Studio Solution File, Format Version 12.00
# Visual Studio 15
VisualStudioVersion = 15.0.27703.2042
MinimumVisualStudioVersion = 10.0.40219.1
Project("{9A19103F-16F7-4668-BE54-9A1E7A4F7556}") = "Tac.Frontend", "Tac.Frontend\Tac.Frontend.csproj", "{323E882A-D77D-438E-8DB1-A27316C6E666}"
	ProjectSection(ProjectDependencies) = postProject
		{93328F92-D071-45DE-A94F-D1C4BF23FD72} = {93328F92-D071-45DE-A94F-D1C4BF23FD72}
	EndProjectSection
EndProject
Project("{9A19103F-16F7-4668-BE54-9A1E7A4F7556}") = "Tac.Backend", "Tac.Backend\Tac.Backend.csproj", "{B3D7CA6D-A4B2-4772-AA86-D9260D777B10}"
EndProject
Project("{9A19103F-16F7-4668-BE54-9A1E7A4F7556}") = "Tac.Model", "Tac.Model\Tac.Model.csproj", "{93328F92-D071-45DE-A94F-D1C4BF23FD72}"
EndProject
Project("{9A19103F-16F7-4668-BE54-9A1E7A4F7556}") = "Tac.TestCases", "Tac.TestCases\Tac.TestCases.csproj", "{1FD78288-D514-4281-9AA0-33A617322A87}"
EndProject
Project("{9A19103F-16F7-4668-BE54-9A1E7A4F7556}") = "Tac.Model.Instantiated", "Tac.Model.instantiated\Tac.Model.Instantiated.csproj", "{B43EA855-3843-426A-9F72-97A8ED96B6D6}"
EndProject
Project("{9A19103F-16F7-4668-BE54-9A1E7A4F7556}") = "Tac.Runner", "Tac.Runner\Tac.Runner.csproj", "{B31C8CF7-ED5C-4C01-ACB0-392BD2E1C8B4}"
EndProject
Project("{FAE04EC0-301F-11D3-BF4B-00C04F79EFBC}") = "Tac.Playground", "Tac.Playground\Tac.Playground.csproj", "{C05CCAEF-A255-4B3F-A536-5E94D3A4C148}"
EndProject
Project("{FAE04EC0-301F-11D3-BF4B-00C04F79EFBC}") = "Tac.Playground.Web", "Tac.Playground.Web\Tac.Playground.Web.csproj", "{8F8574F8-39C6-44B9-8280-04ADE73B64B2}"
EndProject
Project("{FAE04EC0-301F-11D3-BF4B-00C04F79EFBC}") = "Tac.Tests", "Tac.Tests\Tac.Tests.csproj", "{4C3262EA-7D95-4FA3-953F-A0CAD178E288}"
EndProject
Global
	GlobalSection(SolutionConfigurationPlatforms) = preSolution
		Debug|Any CPU = Debug|Any CPU
		Debug|ARM = Debug|ARM
		Debug|ARM64 = Debug|ARM64
		Debug|x64 = Debug|x64
		Debug|x86 = Debug|x86
		Release|Any CPU = Release|Any CPU
		Release|ARM = Release|ARM
		Release|ARM64 = Release|ARM64
		Release|x64 = Release|x64
		Release|x86 = Release|x86
	EndGlobalSection
	GlobalSection(ProjectConfigurationPlatforms) = postSolution
		{323E882A-D77D-438E-8DB1-A27316C6E666}.Debug|Any CPU.ActiveCfg = Debug|Any CPU
		{323E882A-D77D-438E-8DB1-A27316C6E666}.Debug|Any CPU.Build.0 = Debug|Any CPU
		{323E882A-D77D-438E-8DB1-A27316C6E666}.Debug|ARM.ActiveCfg = Debug|Any CPU
		{323E882A-D77D-438E-8DB1-A27316C6E666}.Debug|ARM.Build.0 = Debug|Any CPU
		{323E882A-D77D-438E-8DB1-A27316C6E666}.Debug|ARM64.ActiveCfg = Debug|Any CPU
		{323E882A-D77D-438E-8DB1-A27316C6E666}.Debug|ARM64.Build.0 = Debug|Any CPU
		{323E882A-D77D-438E-8DB1-A27316C6E666}.Debug|x64.ActiveCfg = Debug|Any CPU
		{323E882A-D77D-438E-8DB1-A27316C6E666}.Debug|x64.Build.0 = Debug|Any CPU
		{323E882A-D77D-438E-8DB1-A27316C6E666}.Debug|x86.ActiveCfg = Debug|Any CPU
		{323E882A-D77D-438E-8DB1-A27316C6E666}.Debug|x86.Build.0 = Debug|Any CPU
		{323E882A-D77D-438E-8DB1-A27316C6E666}.Release|Any CPU.ActiveCfg = Release|Any CPU
		{323E882A-D77D-438E-8DB1-A27316C6E666}.Release|Any CPU.Build.0 = Release|Any CPU
		{323E882A-D77D-438E-8DB1-A27316C6E666}.Release|ARM.ActiveCfg = Release|Any CPU
		{323E882A-D77D-438E-8DB1-A27316C6E666}.Release|ARM.Build.0 = Release|Any CPU
		{323E882A-D77D-438E-8DB1-A27316C6E666}.Release|ARM64.ActiveCfg = Release|Any CPU
		{323E882A-D77D-438E-8DB1-A27316C6E666}.Release|ARM64.Build.0 = Release|Any CPU
		{323E882A-D77D-438E-8DB1-A27316C6E666}.Release|x64.ActiveCfg = Release|Any CPU
		{323E882A-D77D-438E-8DB1-A27316C6E666}.Release|x64.Build.0 = Release|Any CPU
		{323E882A-D77D-438E-8DB1-A27316C6E666}.Release|x86.ActiveCfg = Release|Any CPU
		{323E882A-D77D-438E-8DB1-A27316C6E666}.Release|x86.Build.0 = Release|Any CPU
		{B3D7CA6D-A4B2-4772-AA86-D9260D777B10}.Debug|Any CPU.ActiveCfg = Debug|Any CPU
		{B3D7CA6D-A4B2-4772-AA86-D9260D777B10}.Debug|Any CPU.Build.0 = Debug|Any CPU
		{B3D7CA6D-A4B2-4772-AA86-D9260D777B10}.Debug|ARM.ActiveCfg = Debug|Any CPU
		{B3D7CA6D-A4B2-4772-AA86-D9260D777B10}.Debug|ARM.Build.0 = Debug|Any CPU
		{B3D7CA6D-A4B2-4772-AA86-D9260D777B10}.Debug|ARM64.ActiveCfg = Debug|Any CPU
		{B3D7CA6D-A4B2-4772-AA86-D9260D777B10}.Debug|ARM64.Build.0 = Debug|Any CPU
		{B3D7CA6D-A4B2-4772-AA86-D9260D777B10}.Debug|x64.ActiveCfg = Debug|Any CPU
		{B3D7CA6D-A4B2-4772-AA86-D9260D777B10}.Debug|x64.Build.0 = Debug|Any CPU
		{B3D7CA6D-A4B2-4772-AA86-D9260D777B10}.Debug|x86.ActiveCfg = Debug|Any CPU
		{B3D7CA6D-A4B2-4772-AA86-D9260D777B10}.Debug|x86.Build.0 = Debug|Any CPU
		{B3D7CA6D-A4B2-4772-AA86-D9260D777B10}.Release|Any CPU.ActiveCfg = Release|Any CPU
		{B3D7CA6D-A4B2-4772-AA86-D9260D777B10}.Release|Any CPU.Build.0 = Release|Any CPU
		{B3D7CA6D-A4B2-4772-AA86-D9260D777B10}.Release|ARM.ActiveCfg = Release|Any CPU
		{B3D7CA6D-A4B2-4772-AA86-D9260D777B10}.Release|ARM.Build.0 = Release|Any CPU
		{B3D7CA6D-A4B2-4772-AA86-D9260D777B10}.Release|ARM64.ActiveCfg = Release|Any CPU
		{B3D7CA6D-A4B2-4772-AA86-D9260D777B10}.Release|ARM64.Build.0 = Release|Any CPU
		{B3D7CA6D-A4B2-4772-AA86-D9260D777B10}.Release|x64.ActiveCfg = Release|Any CPU
		{B3D7CA6D-A4B2-4772-AA86-D9260D777B10}.Release|x64.Build.0 = Release|Any CPU
		{B3D7CA6D-A4B2-4772-AA86-D9260D777B10}.Release|x86.ActiveCfg = Release|Any CPU
		{B3D7CA6D-A4B2-4772-AA86-D9260D777B10}.Release|x86.Build.0 = Release|Any CPU
		{93328F92-D071-45DE-A94F-D1C4BF23FD72}.Debug|Any CPU.ActiveCfg = Debug|Any CPU
		{93328F92-D071-45DE-A94F-D1C4BF23FD72}.Debug|Any CPU.Build.0 = Debug|Any CPU
		{93328F92-D071-45DE-A94F-D1C4BF23FD72}.Debug|ARM.ActiveCfg = Debug|Any CPU
		{93328F92-D071-45DE-A94F-D1C4BF23FD72}.Debug|ARM.Build.0 = Debug|Any CPU
		{93328F92-D071-45DE-A94F-D1C4BF23FD72}.Debug|ARM64.ActiveCfg = Debug|Any CPU
		{93328F92-D071-45DE-A94F-D1C4BF23FD72}.Debug|ARM64.Build.0 = Debug|Any CPU
		{93328F92-D071-45DE-A94F-D1C4BF23FD72}.Debug|x64.ActiveCfg = Debug|Any CPU
		{93328F92-D071-45DE-A94F-D1C4BF23FD72}.Debug|x64.Build.0 = Debug|Any CPU
		{93328F92-D071-45DE-A94F-D1C4BF23FD72}.Debug|x86.ActiveCfg = Debug|Any CPU
		{93328F92-D071-45DE-A94F-D1C4BF23FD72}.Debug|x86.Build.0 = Debug|Any CPU
		{93328F92-D071-45DE-A94F-D1C4BF23FD72}.Release|Any CPU.ActiveCfg = Release|Any CPU
		{93328F92-D071-45DE-A94F-D1C4BF23FD72}.Release|Any CPU.Build.0 = Release|Any CPU
		{93328F92-D071-45DE-A94F-D1C4BF23FD72}.Release|ARM.ActiveCfg = Release|Any CPU
		{93328F92-D071-45DE-A94F-D1C4BF23FD72}.Release|ARM.Build.0 = Release|Any CPU
		{93328F92-D071-45DE-A94F-D1C4BF23FD72}.Release|ARM64.ActiveCfg = Release|Any CPU
		{93328F92-D071-45DE-A94F-D1C4BF23FD72}.Release|ARM64.Build.0 = Release|Any CPU
		{93328F92-D071-45DE-A94F-D1C4BF23FD72}.Release|x64.ActiveCfg = Release|Any CPU
		{93328F92-D071-45DE-A94F-D1C4BF23FD72}.Release|x64.Build.0 = Release|Any CPU
		{93328F92-D071-45DE-A94F-D1C4BF23FD72}.Release|x86.ActiveCfg = Release|Any CPU
		{93328F92-D071-45DE-A94F-D1C4BF23FD72}.Release|x86.Build.0 = Release|Any CPU
		{1FD78288-D514-4281-9AA0-33A617322A87}.Debug|Any CPU.ActiveCfg = Debug|Any CPU
		{1FD78288-D514-4281-9AA0-33A617322A87}.Debug|Any CPU.Build.0 = Debug|Any CPU
		{1FD78288-D514-4281-9AA0-33A617322A87}.Debug|ARM.ActiveCfg = Debug|Any CPU
		{1FD78288-D514-4281-9AA0-33A617322A87}.Debug|ARM.Build.0 = Debug|Any CPU
		{1FD78288-D514-4281-9AA0-33A617322A87}.Debug|ARM64.ActiveCfg = Debug|Any CPU
		{1FD78288-D514-4281-9AA0-33A617322A87}.Debug|ARM64.Build.0 = Debug|Any CPU
		{1FD78288-D514-4281-9AA0-33A617322A87}.Debug|x64.ActiveCfg = Debug|Any CPU
		{1FD78288-D514-4281-9AA0-33A617322A87}.Debug|x64.Build.0 = Debug|Any CPU
		{1FD78288-D514-4281-9AA0-33A617322A87}.Debug|x86.ActiveCfg = Debug|Any CPU
		{1FD78288-D514-4281-9AA0-33A617322A87}.Debug|x86.Build.0 = Debug|Any CPU
		{1FD78288-D514-4281-9AA0-33A617322A87}.Release|Any CPU.ActiveCfg = Release|Any CPU
		{1FD78288-D514-4281-9AA0-33A617322A87}.Release|Any CPU.Build.0 = Release|Any CPU
		{1FD78288-D514-4281-9AA0-33A617322A87}.Release|ARM.ActiveCfg = Release|Any CPU
		{1FD78288-D514-4281-9AA0-33A617322A87}.Release|ARM.Build.0 = Release|Any CPU
		{1FD78288-D514-4281-9AA0-33A617322A87}.Release|ARM64.ActiveCfg = Release|Any CPU
		{1FD78288-D514-4281-9AA0-33A617322A87}.Release|ARM64.Build.0 = Release|Any CPU
		{1FD78288-D514-4281-9AA0-33A617322A87}.Release|x64.ActiveCfg = Release|Any CPU
		{1FD78288-D514-4281-9AA0-33A617322A87}.Release|x64.Build.0 = Release|Any CPU
		{1FD78288-D514-4281-9AA0-33A617322A87}.Release|x86.ActiveCfg = Release|Any CPU
		{1FD78288-D514-4281-9AA0-33A617322A87}.Release|x86.Build.0 = Release|Any CPU
		{B43EA855-3843-426A-9F72-97A8ED96B6D6}.Debug|Any CPU.ActiveCfg = Debug|Any CPU
		{B43EA855-3843-426A-9F72-97A8ED96B6D6}.Debug|Any CPU.Build.0 = Debug|Any CPU
		{B43EA855-3843-426A-9F72-97A8ED96B6D6}.Debug|ARM.ActiveCfg = Debug|Any CPU
		{B43EA855-3843-426A-9F72-97A8ED96B6D6}.Debug|ARM.Build.0 = Debug|Any CPU
		{B43EA855-3843-426A-9F72-97A8ED96B6D6}.Debug|ARM64.ActiveCfg = Debug|Any CPU
		{B43EA855-3843-426A-9F72-97A8ED96B6D6}.Debug|ARM64.Build.0 = Debug|Any CPU
		{B43EA855-3843-426A-9F72-97A8ED96B6D6}.Debug|x64.ActiveCfg = Debug|Any CPU
		{B43EA855-3843-426A-9F72-97A8ED96B6D6}.Debug|x64.Build.0 = Debug|Any CPU
		{B43EA855-3843-426A-9F72-97A8ED96B6D6}.Debug|x86.ActiveCfg = Debug|Any CPU
		{B43EA855-3843-426A-9F72-97A8ED96B6D6}.Debug|x86.Build.0 = Debug|Any CPU
		{B43EA855-3843-426A-9F72-97A8ED96B6D6}.Release|Any CPU.ActiveCfg = Release|Any CPU
		{B43EA855-3843-426A-9F72-97A8ED96B6D6}.Release|Any CPU.Build.0 = Release|Any CPU
		{B43EA855-3843-426A-9F72-97A8ED96B6D6}.Release|ARM.ActiveCfg = Release|Any CPU
		{B43EA855-3843-426A-9F72-97A8ED96B6D6}.Release|ARM.Build.0 = Release|Any CPU
		{B43EA855-3843-426A-9F72-97A8ED96B6D6}.Release|ARM64.ActiveCfg = Release|Any CPU
		{B43EA855-3843-426A-9F72-97A8ED96B6D6}.Release|ARM64.Build.0 = Release|Any CPU
		{B43EA855-3843-426A-9F72-97A8ED96B6D6}.Release|x64.ActiveCfg = Release|Any CPU
		{B43EA855-3843-426A-9F72-97A8ED96B6D6}.Release|x64.Build.0 = Release|Any CPU
		{B43EA855-3843-426A-9F72-97A8ED96B6D6}.Release|x86.ActiveCfg = Release|Any CPU
		{B43EA855-3843-426A-9F72-97A8ED96B6D6}.Release|x86.Build.0 = Release|Any CPU
		{B31C8CF7-ED5C-4C01-ACB0-392BD2E1C8B4}.Debug|Any CPU.ActiveCfg = Debug|Any CPU
		{B31C8CF7-ED5C-4C01-ACB0-392BD2E1C8B4}.Debug|Any CPU.Build.0 = Debug|Any CPU
		{B31C8CF7-ED5C-4C01-ACB0-392BD2E1C8B4}.Debug|ARM.ActiveCfg = Debug|Any CPU
		{B31C8CF7-ED5C-4C01-ACB0-392BD2E1C8B4}.Debug|ARM.Build.0 = Debug|Any CPU
		{B31C8CF7-ED5C-4C01-ACB0-392BD2E1C8B4}.Debug|ARM64.ActiveCfg = Debug|Any CPU
		{B31C8CF7-ED5C-4C01-ACB0-392BD2E1C8B4}.Debug|ARM64.Build.0 = Debug|Any CPU
		{B31C8CF7-ED5C-4C01-ACB0-392BD2E1C8B4}.Debug|x64.ActiveCfg = Debug|Any CPU
		{B31C8CF7-ED5C-4C01-ACB0-392BD2E1C8B4}.Debug|x64.Build.0 = Debug|Any CPU
		{B31C8CF7-ED5C-4C01-ACB0-392BD2E1C8B4}.Debug|x86.ActiveCfg = Debug|Any CPU
		{B31C8CF7-ED5C-4C01-ACB0-392BD2E1C8B4}.Debug|x86.Build.0 = Debug|Any CPU
		{B31C8CF7-ED5C-4C01-ACB0-392BD2E1C8B4}.Release|Any CPU.ActiveCfg = Release|Any CPU
		{B31C8CF7-ED5C-4C01-ACB0-392BD2E1C8B4}.Release|Any CPU.Build.0 = Release|Any CPU
		{B31C8CF7-ED5C-4C01-ACB0-392BD2E1C8B4}.Release|ARM.ActiveCfg = Release|Any CPU
		{B31C8CF7-ED5C-4C01-ACB0-392BD2E1C8B4}.Release|ARM.Build.0 = Release|Any CPU
		{B31C8CF7-ED5C-4C01-ACB0-392BD2E1C8B4}.Release|ARM64.ActiveCfg = Release|Any CPU
		{B31C8CF7-ED5C-4C01-ACB0-392BD2E1C8B4}.Release|ARM64.Build.0 = Release|Any CPU
		{B31C8CF7-ED5C-4C01-ACB0-392BD2E1C8B4}.Release|x64.ActiveCfg = Release|Any CPU
		{B31C8CF7-ED5C-4C01-ACB0-392BD2E1C8B4}.Release|x64.Build.0 = Release|Any CPU
		{B31C8CF7-ED5C-4C01-ACB0-392BD2E1C8B4}.Release|x86.ActiveCfg = Release|Any CPU
		{B31C8CF7-ED5C-4C01-ACB0-392BD2E1C8B4}.Release|x86.Build.0 = Release|Any CPU
		{C05CCAEF-A255-4B3F-A536-5E94D3A4C148}.Debug|Any CPU.ActiveCfg = Debug|x86
		{C05CCAEF-A255-4B3F-A536-5E94D3A4C148}.Debug|ARM.ActiveCfg = Debug|ARM
		{C05CCAEF-A255-4B3F-A536-5E94D3A4C148}.Debug|ARM.Build.0 = Debug|ARM
		{C05CCAEF-A255-4B3F-A536-5E94D3A4C148}.Debug|ARM.Deploy.0 = Debug|ARM
		{C05CCAEF-A255-4B3F-A536-5E94D3A4C148}.Debug|ARM64.ActiveCfg = Debug|ARM64
		{C05CCAEF-A255-4B3F-A536-5E94D3A4C148}.Debug|ARM64.Build.0 = Debug|ARM64
		{C05CCAEF-A255-4B3F-A536-5E94D3A4C148}.Debug|ARM64.Deploy.0 = Debug|ARM64
		{C05CCAEF-A255-4B3F-A536-5E94D3A4C148}.Debug|x64.ActiveCfg = Debug|x64
		{C05CCAEF-A255-4B3F-A536-5E94D3A4C148}.Debug|x64.Build.0 = Debug|x64
		{C05CCAEF-A255-4B3F-A536-5E94D3A4C148}.Debug|x64.Deploy.0 = Debug|x64
		{C05CCAEF-A255-4B3F-A536-5E94D3A4C148}.Debug|x86.ActiveCfg = Debug|x86
		{C05CCAEF-A255-4B3F-A536-5E94D3A4C148}.Debug|x86.Build.0 = Debug|x86
		{C05CCAEF-A255-4B3F-A536-5E94D3A4C148}.Debug|x86.Deploy.0 = Debug|x86
		{C05CCAEF-A255-4B3F-A536-5E94D3A4C148}.Release|Any CPU.ActiveCfg = Release|x86
		{C05CCAEF-A255-4B3F-A536-5E94D3A4C148}.Release|ARM.ActiveCfg = Release|ARM
		{C05CCAEF-A255-4B3F-A536-5E94D3A4C148}.Release|ARM.Build.0 = Release|ARM
		{C05CCAEF-A255-4B3F-A536-5E94D3A4C148}.Release|ARM.Deploy.0 = Release|ARM
		{C05CCAEF-A255-4B3F-A536-5E94D3A4C148}.Release|ARM64.ActiveCfg = Release|ARM64
		{C05CCAEF-A255-4B3F-A536-5E94D3A4C148}.Release|ARM64.Build.0 = Release|ARM64
		{C05CCAEF-A255-4B3F-A536-5E94D3A4C148}.Release|ARM64.Deploy.0 = Release|ARM64
		{C05CCAEF-A255-4B3F-A536-5E94D3A4C148}.Release|x64.ActiveCfg = Release|x64
		{C05CCAEF-A255-4B3F-A536-5E94D3A4C148}.Release|x64.Build.0 = Release|x64
		{C05CCAEF-A255-4B3F-A536-5E94D3A4C148}.Release|x64.Deploy.0 = Release|x64
		{C05CCAEF-A255-4B3F-A536-5E94D3A4C148}.Release|x86.ActiveCfg = Release|x86
		{C05CCAEF-A255-4B3F-A536-5E94D3A4C148}.Release|x86.Build.0 = Release|x86
		{C05CCAEF-A255-4B3F-A536-5E94D3A4C148}.Release|x86.Deploy.0 = Release|x86
		{8F8574F8-39C6-44B9-8280-04ADE73B64B2}.Debug|Any CPU.ActiveCfg = Debug|Any CPU
		{8F8574F8-39C6-44B9-8280-04ADE73B64B2}.Debug|Any CPU.Build.0 = Debug|Any CPU
		{8F8574F8-39C6-44B9-8280-04ADE73B64B2}.Debug|ARM.ActiveCfg = Debug|Any CPU
		{8F8574F8-39C6-44B9-8280-04ADE73B64B2}.Debug|ARM.Build.0 = Debug|Any CPU
		{8F8574F8-39C6-44B9-8280-04ADE73B64B2}.Debug|ARM64.ActiveCfg = Debug|Any CPU
		{8F8574F8-39C6-44B9-8280-04ADE73B64B2}.Debug|ARM64.Build.0 = Debug|Any CPU
		{8F8574F8-39C6-44B9-8280-04ADE73B64B2}.Debug|x64.ActiveCfg = Debug|Any CPU
		{8F8574F8-39C6-44B9-8280-04ADE73B64B2}.Debug|x64.Build.0 = Debug|Any CPU
		{8F8574F8-39C6-44B9-8280-04ADE73B64B2}.Debug|x86.ActiveCfg = Debug|Any CPU
		{8F8574F8-39C6-44B9-8280-04ADE73B64B2}.Debug|x86.Build.0 = Debug|Any CPU
		{8F8574F8-39C6-44B9-8280-04ADE73B64B2}.Release|Any CPU.ActiveCfg = Release|Any CPU
		{8F8574F8-39C6-44B9-8280-04ADE73B64B2}.Release|Any CPU.Build.0 = Release|Any CPU
		{8F8574F8-39C6-44B9-8280-04ADE73B64B2}.Release|ARM.ActiveCfg = Release|Any CPU
		{8F8574F8-39C6-44B9-8280-04ADE73B64B2}.Release|ARM.Build.0 = Release|Any CPU
		{8F8574F8-39C6-44B9-8280-04ADE73B64B2}.Release|ARM64.ActiveCfg = Release|Any CPU
		{8F8574F8-39C6-44B9-8280-04ADE73B64B2}.Release|ARM64.Build.0 = Release|Any CPU
		{8F8574F8-39C6-44B9-8280-04ADE73B64B2}.Release|x64.ActiveCfg = Release|Any CPU
		{8F8574F8-39C6-44B9-8280-04ADE73B64B2}.Release|x64.Build.0 = Release|Any CPU
		{8F8574F8-39C6-44B9-8280-04ADE73B64B2}.Release|x86.ActiveCfg = Release|Any CPU
		{8F8574F8-39C6-44B9-8280-04ADE73B64B2}.Release|x86.Build.0 = Release|Any CPU
		{4C3262EA-7D95-4FA3-953F-A0CAD178E288}.Debug|Any CPU.ActiveCfg = Debug|Any CPU
		{4C3262EA-7D95-4FA3-953F-A0CAD178E288}.Debug|Any CPU.Build.0 = Debug|Any CPU
		{4C3262EA-7D95-4FA3-953F-A0CAD178E288}.Debug|ARM.ActiveCfg = Debug|Any CPU
		{4C3262EA-7D95-4FA3-953F-A0CAD178E288}.Debug|ARM.Build.0 = Debug|Any CPU
		{4C3262EA-7D95-4FA3-953F-A0CAD178E288}.Debug|ARM64.ActiveCfg = Debug|Any CPU
		{4C3262EA-7D95-4FA3-953F-A0CAD178E288}.Debug|ARM64.Build.0 = Debug|Any CPU
		{4C3262EA-7D95-4FA3-953F-A0CAD178E288}.Debug|x64.ActiveCfg = Debug|Any CPU
		{4C3262EA-7D95-4FA3-953F-A0CAD178E288}.Debug|x64.Build.0 = Debug|Any CPU
		{4C3262EA-7D95-4FA3-953F-A0CAD178E288}.Debug|x86.ActiveCfg = Debug|Any CPU
		{4C3262EA-7D95-4FA3-953F-A0CAD178E288}.Debug|x86.Build.0 = Debug|Any CPU
		{4C3262EA-7D95-4FA3-953F-A0CAD178E288}.Release|Any CPU.ActiveCfg = Release|Any CPU
		{4C3262EA-7D95-4FA3-953F-A0CAD178E288}.Release|Any CPU.Build.0 = Release|Any CPU
		{4C3262EA-7D95-4FA3-953F-A0CAD178E288}.Release|ARM.ActiveCfg = Release|Any CPU
		{4C3262EA-7D95-4FA3-953F-A0CAD178E288}.Release|ARM.Build.0 = Release|Any CPU
		{4C3262EA-7D95-4FA3-953F-A0CAD178E288}.Release|ARM64.ActiveCfg = Release|Any CPU
		{4C3262EA-7D95-4FA3-953F-A0CAD178E288}.Release|ARM64.Build.0 = Release|Any CPU
		{4C3262EA-7D95-4FA3-953F-A0CAD178E288}.Release|x64.ActiveCfg = Release|Any CPU
		{4C3262EA-7D95-4FA3-953F-A0CAD178E288}.Release|x64.Build.0 = Release|Any CPU
		{4C3262EA-7D95-4FA3-953F-A0CAD178E288}.Release|x86.ActiveCfg = Release|Any CPU
		{4C3262EA-7D95-4FA3-953F-A0CAD178E288}.Release|x86.Build.0 = Release|Any CPU
	EndGlobalSection
	GlobalSection(SolutionProperties) = preSolution
		HideSolutionNode = FALSE
	EndGlobalSection
	GlobalSection(ExtensibilityGlobals) = postSolution
		SolutionGuid = {300BEFD0-5933-4E46-BA5D-CE4393E975A8}
	EndGlobalSection
EndGlobal
