
Microsoft Visual Studio Solution File, Format Version 12.00
# Visual Studio 15
VisualStudioVersion = 15.0.27703.2042
MinimumVisualStudioVersion = 10.0.40219.1
Project("{9A19103F-16F7-4668-BE54-9A1E7A4F7556}") = "Tac.FrontEnd", "Tac\Tac.FrontEnd.csproj", "{323E882A-D77D-438E-8DB1-A27316C6E666}"
	ProjectSection(ProjectDependencies) = postProject
		{93328F92-D071-45DE-A94F-D1C4BF23FD72} = {93328F92-D071-45DE-A94F-D1C4BF23FD72}
	EndProjectSection
EndProject
Project("{9A19103F-16F7-4668-BE54-9A1E7A4F7556}") = "Tac.Tests", "Tac.Tests\Tac.Tests.csproj", "{BD55D2E6-B75E-4C66-8038-CCAFE4193E4F}"
EndProject
Project("{FAE04EC0-301F-11D3-BF4B-00C04F79EFBC}") = "Tac.Backend", "Tac.Backend\Tac.Backend.csproj", "{B3D7CA6D-A4B2-4772-AA86-D9260D777B10}"
EndProject
Project("{FAE04EC0-301F-11D3-BF4B-00C04F79EFBC}") = "Tac.Model", "Tac.Model\Tac.Model.csproj", "{93328F92-D071-45DE-A94F-D1C4BF23FD72}"
EndProject
Global
	GlobalSection(SolutionConfigurationPlatforms) = preSolution
		Debug|Any CPU = Debug|Any CPU
		Release|Any CPU = Release|Any CPU
	EndGlobalSection
	GlobalSection(ProjectConfigurationPlatforms) = postSolution
		{323E882A-D77D-438E-8DB1-A27316C6E666}.Debug|Any CPU.ActiveCfg = Debug|Any CPU
		{323E882A-D77D-438E-8DB1-A27316C6E666}.Debug|Any CPU.Build.0 = Debug|Any CPU
		{323E882A-D77D-438E-8DB1-A27316C6E666}.Release|Any CPU.ActiveCfg = Release|Any CPU
		{323E882A-D77D-438E-8DB1-A27316C6E666}.Release|Any CPU.Build.0 = Release|Any CPU
		{BD55D2E6-B75E-4C66-8038-CCAFE4193E4F}.Debug|Any CPU.ActiveCfg = Debug|Any CPU
		{BD55D2E6-B75E-4C66-8038-CCAFE4193E4F}.Debug|Any CPU.Build.0 = Debug|Any CPU
		{BD55D2E6-B75E-4C66-8038-CCAFE4193E4F}.Release|Any CPU.ActiveCfg = Release|Any CPU
		{BD55D2E6-B75E-4C66-8038-CCAFE4193E4F}.Release|Any CPU.Build.0 = Release|Any CPU
		{B3D7CA6D-A4B2-4772-AA86-D9260D777B10}.Debug|Any CPU.ActiveCfg = Debug|Any CPU
		{B3D7CA6D-A4B2-4772-AA86-D9260D777B10}.Debug|Any CPU.Build.0 = Debug|Any CPU
		{B3D7CA6D-A4B2-4772-AA86-D9260D777B10}.Release|Any CPU.ActiveCfg = Release|Any CPU
		{B3D7CA6D-A4B2-4772-AA86-D9260D777B10}.Release|Any CPU.Build.0 = Release|Any CPU
		{93328F92-D071-45DE-A94F-D1C4BF23FD72}.Debug|Any CPU.ActiveCfg = Debug|Any CPU
		{93328F92-D071-45DE-A94F-D1C4BF23FD72}.Debug|Any CPU.Build.0 = Debug|Any CPU
		{93328F92-D071-45DE-A94F-D1C4BF23FD72}.Release|Any CPU.ActiveCfg = Release|Any CPU
		{93328F92-D071-45DE-A94F-D1C4BF23FD72}.Release|Any CPU.Build.0 = Release|Any CPU
	EndGlobalSection
	GlobalSection(SolutionProperties) = preSolution
		HideSolutionNode = FALSE
	EndGlobalSection
	GlobalSection(ExtensibilityGlobals) = postSolution
		SolutionGuid = {300BEFD0-5933-4E46-BA5D-CE4393E975A8}
	EndGlobalSection
EndGlobal
